<?xml version="1.0" encoding="utf-8"?>
<Project ToolsVersion="4.0" xmlns="http://schemas.microsoft.com/developer/msbuild/2003">
  <ItemGroup>
    <Filter Include="ソース ファイル">
      <UniqueIdentifier>{4FC737F1-C7A5-4376-A066-2A32D752A2FF}</UniqueIdentifier>
      <Extensions>cpp;c;cc;cxx;c++;cppm;ixx;def;odl;idl;hpj;bat;asm;asmx</Extensions>
    </Filter>
    <Filter Include="ヘッダー ファイル">
      <UniqueIdentifier>{93995380-89BD-4b04-88EB-625FBE52EBFB}</UniqueIdentifier>
      <Extensions>h;hh;hpp;hxx;h++;hm;inl;inc;ipp;xsd</Extensions>
    </Filter>
    <Filter Include="リソース ファイル">
      <UniqueIdentifier>{67DA6AB6-F800-4c08-8B7A-83BB121AAD01}</UniqueIdentifier>
      <Extensions>rc;ico;cur;bmp;dlg;rc2;rct;bin;rgs;gif;jpg;jpeg;jpe;resx;tiff;tif;png;wav;mfcribbon-ms</Extensions>
    </Filter>
    <Filter Include="src">
      <UniqueIdentifier>{86b69181-7207-4ae8-9093-306e4bcd135a}</UniqueIdentifier>
    </Filter>
    <Filter Include="src\Scene">
      <UniqueIdentifier>{eea15210-e6ea-4f4a-8aa1-3fef2518690c}</UniqueIdentifier>
    </Filter>
    <Filter Include="src\Graphics">
      <UniqueIdentifier>{7a8b3cc4-67f6-42da-bb97-510b1e1718c0}</UniqueIdentifier>
    </Filter>
    <Filter Include="src\Utility">
      <UniqueIdentifier>{8a1c1cf0-0803-4655-b7a3-77db8b0b1acb}</UniqueIdentifier>
    </Filter>
    <Filter Include="src\Graphics\LightSource">
      <UniqueIdentifier>{e70baf2c-4cd7-4366-b1f0-3f2aeefafe8d}</UniqueIdentifier>
    </Filter>
  </ItemGroup>
  <ItemGroup>
    <ClCompile Include="src\main.cpp">
      <Filter>src</Filter>
    </ClCompile>
    <ClCompile Include="src\Scene\Camera.cpp">
      <Filter>src\Scene</Filter>
    </ClCompile>
    <ClCompile Include="src\Graphics\Renderer.cpp">
      <Filter>src\Graphics</Filter>
    </ClCompile>
    <ClCompile Include="src\Graphics\PixelBuffer.cpp">
      <Filter>src\Graphics</Filter>
    </ClCompile>
    <ClCompile Include="src\PathTracer.cpp">
      <Filter>src</Filter>
    </ClCompile>
    <ClCompile Include="src\Graphics\IntersectionResult.cpp">
      <Filter>src\Graphics</Filter>
    </ClCompile>
    <ClCompile Include="src\Graphics\Intersector.cpp">
      <Filter>src\Graphics</Filter>
    </ClCompile>
    <ClCompile Include="src\Graphics\Mesh.cpp">
      <Filter>src\Graphics</Filter>
    </ClCompile>
    <ClCompile Include="src\Scene\TestScene.cpp">
      <Filter>src\Scene</Filter>
    </ClCompile>
    <ClCompile Include="src\Scene\CornellBox.cpp">
      <Filter>src\Scene</Filter>
    </ClCompile>
    <ClCompile Include="src\Scene\Scene.cpp">
      <Filter>src\Scene</Filter>
    </ClCompile>
    <ClCompile Include="src\Graphics\Plane.cpp">
      <Filter>src\Graphics</Filter>
    </ClCompile>
    <ClCompile Include="src\Graphics\Sphere.cpp">
      <Filter>src\Graphics</Filter>
    </ClCompile>
    <ClCompile Include="src\Graphics\BRDF.cpp">
      <Filter>src\Graphics</Filter>
    </ClCompile>
  </ItemGroup>
  <ItemGroup>
    <ClInclude Include="src\PathTracer.hpp">
      <Filter>src</Filter>
    </ClInclude>
    <ClInclude Include="src\Scene\Camera.hpp">
      <Filter>src\Scene</Filter>
    </ClInclude>
    <ClInclude Include="src\Utility\Vector.hpp">
      <Filter>src\Utility</Filter>
    </ClInclude>
    <ClInclude Include="src\Utility\Matrix.hpp">
      <Filter>src\Utility</Filter>
    </ClInclude>
    <ClInclude Include="src\Scene\Scene.hpp">
      <Filter>src\Scene</Filter>
    </ClInclude>
    <ClInclude Include="src\Graphics\Renderer.hpp">
      <Filter>src\Graphics</Filter>
    </ClInclude>
    <ClInclude Include="src\Graphics\PixelBuffer.hpp">
      <Filter>src\Graphics</Filter>
    </ClInclude>
    <ClInclude Include="src\Utility\Utility.hpp">
      <Filter>src\Utility</Filter>
    </ClInclude>
    <ClInclude Include="src\Graphics\Ray.hpp">
      <Filter>src\Graphics</Filter>
    </ClInclude>
    <ClInclude Include="src\Utility\PathTracerMath.hpp">
      <Filter>src\Utility</Filter>
    </ClInclude>
    <ClInclude Include="src\Graphics\IntersectionResult.hpp">
      <Filter>src\Graphics</Filter>
    </ClInclude>
    <ClInclude Include="src\Graphics\Intersector.hpp">
      <Filter>src\Graphics</Filter>
    </ClInclude>
    <ClInclude Include="src\Graphics\Sphere.hpp">
      <Filter>src\Graphics</Filter>
    </ClInclude>
    <ClInclude Include="src\Graphics\Mesh.hpp">
      <Filter>src\Graphics</Filter>
    </ClInclude>
    <ClInclude Include="src\Scene\TestScene.hpp">
      <Filter>src\Scene</Filter>
    </ClInclude>
    <ClInclude Include="src\Scene\CornellBox.hpp">
      <Filter>src\Scene</Filter>
    </ClInclude>
    <ClInclude Include="src\Graphics\Material.hpp">
      <Filter>src\Graphics</Filter>
    </ClInclude>
    <ClInclude Include="src\Graphics\Plane.hpp">
      <Filter>src\Graphics</Filter>
    </ClInclude>
    <ClInclude Include="src\Graphics\BRDF.hpp">
      <Filter>src\Graphics</Filter>
    </ClInclude>
    <ClInclude Include="src\Utility\MathUtility.hpp">
      <Filter>src\Utility</Filter>
    </ClInclude>
    <ClInclude Include="src\Graphics\DirectionalLight.hpp">
      <Filter>src\Graphics\LightSource</Filter>
    </ClInclude>
    <ClInclude Include="src\Graphics\PointLight.hpp">
      <Filter>src\Graphics\LightSource</Filter>
    </ClInclude>
    <ClInclude Include="src\Graphics\LightSource.hpp">
      <Filter>src\Graphics\LightSource</Filter>
    </ClInclude>
  </ItemGroup>
</Project>